
Microsoft Visual Studio Solution File, Format Version 12.00
# Visual Studio Version 16
VisualStudioVersion = 16.0.29519.87
MinimumVisualStudioVersion = 10.0.40219.1
Project("{9A19103F-16F7-4668-BE54-9A1E7A4F7556}") = "3DConfigurator", "3DConfigurator\3DConfigurator.csproj", "{62EEC449-1FD3-4A49-BF83-8D1D2C4E0F64}"
EndProject
Global
	GlobalSection(SolutionConfigurationPlatforms) = preSolution
		Debug|Any CPU = Debug|Any CPU
		Release|Any CPU = Release|Any CPU
	EndGlobalSection
	GlobalSection(ProjectConfigurationPlatforms) = postSolution
		{62EEC449-1FD3-4A49-BF83-8D1D2C4E0F64}.Debug|Any CPU.ActiveCfg = Debug|Any CPU
		{62EEC449-1FD3-4A49-BF83-8D1D2C4E0F64}.Debug|Any CPU.Build.0 = Debug|Any CPU
		{62EEC449-1FD3-4A49-BF83-8D1D2C4E0F64}.Release|Any CPU.ActiveCfg = Release|Any CPU
		{62EEC449-1FD3-4A49-BF83-8D1D2C4E0F64}.Release|Any CPU.Build.0 = Release|Any CPU
	EndGlobalSection
	GlobalSection(SolutionProperties) = preSolution
		HideSolutionNode = FALSE
	EndGlobalSection
	GlobalSection(ExtensibilityGlobals) = postSolution
		SolutionGuid = {C5485510-B809-468D-963F-1303DB505AD2}
	EndGlobalSection
EndGlobal
